
Microsoft Visual Studio Solution File, Format Version 12.00
# Visual Studio Version 16
VisualStudioVersion = 16.0.30711.63
MinimumVisualStudioVersion = 10.0.40219.1
Project("{9A19103F-16F7-4668-BE54-9A1E7A4F7556}") = "DietTracker_Api", "DietTracker_Api\DietTracker_Api.csproj", "{0B015C58-2AD8-42CF-AE8A-DFFDAA433DCD}"
EndProject
Project("{9A19103F-16F7-4668-BE54-9A1E7A4F7556}") = "DietTracker_DataAccess", "DietTracker_DataAccess\DietTracker_DataAccess.csproj", "{B5BBD31B-7C80-4695-94A8-1F31B330F80E}"
EndProject
Global
	GlobalSection(SolutionConfigurationPlatforms) = preSolution
		Debug|Any CPU = Debug|Any CPU
		Release|Any CPU = Release|Any CPU
	EndGlobalSection
	GlobalSection(ProjectConfigurationPlatforms) = postSolution
		{0B015C58-2AD8-42CF-AE8A-DFFDAA433DCD}.Debug|Any CPU.ActiveCfg = Debug|Any CPU
		{0B015C58-2AD8-42CF-AE8A-DFFDAA433DCD}.Debug|Any CPU.Build.0 = Debug|Any CPU
		{0B015C58-2AD8-42CF-AE8A-DFFDAA433DCD}.Release|Any CPU.ActiveCfg = Release|Any CPU
		{0B015C58-2AD8-42CF-AE8A-DFFDAA433DCD}.Release|Any CPU.Build.0 = Release|Any CPU
		{B5BBD31B-7C80-4695-94A8-1F31B330F80E}.Debug|Any CPU.ActiveCfg = Debug|Any CPU
		{B5BBD31B-7C80-4695-94A8-1F31B330F80E}.Debug|Any CPU.Build.0 = Debug|Any CPU
		{B5BBD31B-7C80-4695-94A8-1F31B330F80E}.Release|Any CPU.ActiveCfg = Release|Any CPU
		{B5BBD31B-7C80-4695-94A8-1F31B330F80E}.Release|Any CPU.Build.0 = Release|Any CPU
	EndGlobalSection
	GlobalSection(SolutionProperties) = preSolution
		HideSolutionNode = FALSE
	EndGlobalSection
	GlobalSection(ExtensibilityGlobals) = postSolution
		SolutionGuid = {1880D5F4-E14F-489F-AFF6-78F35BBA10F2}
	EndGlobalSection
EndGlobal
